
Microsoft Visual Studio Solution File, Format Version 12.00
# Visual Studio Version 16
VisualStudioVersion = 16.0.30128.74
MinimumVisualStudioVersion = 10.0.40219.1
Project("{FAE04EC0-301F-11D3-BF4B-00C04F79EFBC}") = "Ole-U-35-2", "Ole-U-35-2\Ole-U-35-2.csproj", "{F68E7E72-C5D2-4DAB-8FDA-6325096A7BEE}"
EndProject
Global
	GlobalSection(SolutionConfigurationPlatforms) = preSolution
		Debug|Any CPU = Debug|Any CPU
		Release|Any CPU = Release|Any CPU
	EndGlobalSection
	GlobalSection(ProjectConfigurationPlatforms) = postSolution
		{F68E7E72-C5D2-4DAB-8FDA-6325096A7BEE}.Debug|Any CPU.ActiveCfg = Debug|Any CPU
		{F68E7E72-C5D2-4DAB-8FDA-6325096A7BEE}.Debug|Any CPU.Build.0 = Debug|Any CPU
		{F68E7E72-C5D2-4DAB-8FDA-6325096A7BEE}.Release|Any CPU.ActiveCfg = Release|Any CPU
		{F68E7E72-C5D2-4DAB-8FDA-6325096A7BEE}.Release|Any CPU.Build.0 = Release|Any CPU
	EndGlobalSection
	GlobalSection(SolutionProperties) = preSolution
		HideSolutionNode = FALSE
	EndGlobalSection
	GlobalSection(ExtensibilityGlobals) = postSolution
		SolutionGuid = {5048F14C-285C-464E-8588-6DA56A80825F}
	EndGlobalSection
EndGlobal
